
Microsoft Visual Studio Solution File, Format Version 12.00
# Visual Studio Version 16
VisualStudioVersion = 16.0.29020.237
MinimumVisualStudioVersion = 10.0.40219.1
Project("{888888A0-9F3D-457C-B088-3A5042F75D52}") = "MiniFramework", "MiniFramework\MiniFramework.pyproj", "{D640614C-053D-4EE9-B461-62A673B1EE04}"
EndProject
Global
	GlobalSection(SolutionConfigurationPlatforms) = preSolution
		Debug|Any CPU = Debug|Any CPU
		Release|Any CPU = Release|Any CPU
	EndGlobalSection
	GlobalSection(ProjectConfigurationPlatforms) = postSolution
		{D640614C-053D-4EE9-B461-62A673B1EE04}.Debug|Any CPU.ActiveCfg = Debug|Any CPU
		{D640614C-053D-4EE9-B461-62A673B1EE04}.Release|Any CPU.ActiveCfg = Release|Any CPU
	EndGlobalSection
	GlobalSection(SolutionProperties) = preSolution
		HideSolutionNode = FALSE
	EndGlobalSection
	GlobalSection(ExtensibilityGlobals) = postSolution
		SolutionGuid = {5F9AD553-3CA6-4AB8-9732-E10298367CB9}
	EndGlobalSection
EndGlobal
